
Microsoft Visual Studio Solution File, Format Version 12.00
# Visual Studio Version 16
VisualStudioVersion = 16.0.30717.126
MinimumVisualStudioVersion = 10.0.40219.1
Project("{8BC9CEB8-8B4A-11D0-8D11-00A0C91BC942}") = "FinalAssessment_PartC", "FinalAssessment_PartC\FinalAssessment_PartC.vcxproj", "{722783BF-87F7-4761-9680-29FD893DBCDF}"
EndProject
Global
	GlobalSection(SolutionConfigurationPlatforms) = preSolution
		Debug|x64 = Debug|x64
		Debug|x86 = Debug|x86
		Release|x64 = Release|x64
		Release|x86 = Release|x86
	EndGlobalSection
	GlobalSection(ProjectConfigurationPlatforms) = postSolution
		{722783BF-87F7-4761-9680-29FD893DBCDF}.Debug|x64.ActiveCfg = Debug|x64
		{722783BF-87F7-4761-9680-29FD893DBCDF}.Debug|x64.Build.0 = Debug|x64
		{722783BF-87F7-4761-9680-29FD893DBCDF}.Debug|x86.ActiveCfg = Debug|Win32
		{722783BF-87F7-4761-9680-29FD893DBCDF}.Debug|x86.Build.0 = Debug|Win32
		{722783BF-87F7-4761-9680-29FD893DBCDF}.Release|x64.ActiveCfg = Release|x64
		{722783BF-87F7-4761-9680-29FD893DBCDF}.Release|x64.Build.0 = Release|x64
		{722783BF-87F7-4761-9680-29FD893DBCDF}.Release|x86.ActiveCfg = Release|Win32
		{722783BF-87F7-4761-9680-29FD893DBCDF}.Release|x86.Build.0 = Release|Win32
	EndGlobalSection
	GlobalSection(SolutionProperties) = preSolution
		HideSolutionNode = FALSE
	EndGlobalSection
	GlobalSection(ExtensibilityGlobals) = postSolution
		SolutionGuid = {C2AD4C61-1177-4528-8551-0D0D6FE16881}
	EndGlobalSection
EndGlobal
